{
  "name": "team-proj-pass-the-parsed-cell",
  "version": "1.0.0",
  "lockfileVersion": 2,
  "requires": true,
  "packages": {
    "": {
      "name": "team-proj-pass-the-parsed-cell",
      "version": "1.0.0",
      "license": "ISC",
      "dependencies": {
        "marked": "^4.2.4"
      }
    },
    "node_modules/marked": {
      "version": "4.2.4",
      "resolved": "https://registry.npmjs.org/marked/-/marked-4.2.4.tgz",
      "integrity": "sha512-Wcc9ikX7Q5E4BYDPvh1C6QNSxrjC9tBgz+A/vAhp59KXUgachw++uMvMKiSW8oA85nopmPZcEvBoex/YLMsiyA==",
      "bin": {
        "marked": "bin/marked.js"
      },
      "engines": {
        "node": ">= 12"
      }
    }
  },
  "dependencies": {
    "marked": {
      "version": "4.2.4",
      "resolved": "https://registry.npmjs.org/marked/-/marked-4.2.4.tgz",
      "integrity": "sha512-Wcc9ikX7Q5E4BYDPvh1C6QNSxrjC9tBgz+A/vAhp59KXUgachw++uMvMKiSW8oA85nopmPZcEvBoex/YLMsiyA=="
    }
  }
}
